
Microsoft Visual Studio Solution File, Format Version 12.00
# Visual Studio 14
VisualStudioVersion = 14.0.25420.1
MinimumVisualStudioVersion = 10.0.40219.1
Project("{FAE04EC0-301F-11D3-BF4B-00C04F79EFBC}") = "RedditMvc.Core", "RedditMvc.Core\RedditMvc.Core.csproj", "{EA417374-1563-4BC2-B1EE-9E3A515BA036}"
EndProject
Project("{FAE04EC0-301F-11D3-BF4B-00C04F79EFBC}") = "RedditMvc.Core.Tests", "RedditMvc.Core.Tests\RedditMvc.Core.Tests.csproj", "{23E4CE43-CA43-40E7-BC67-50DBD5EA0EBA}"
EndProject
Global
	GlobalSection(SolutionConfigurationPlatforms) = preSolution
		Debug|Any CPU = Debug|Any CPU
		Release|Any CPU = Release|Any CPU
	EndGlobalSection
	GlobalSection(ProjectConfigurationPlatforms) = postSolution
		{EA417374-1563-4BC2-B1EE-9E3A515BA036}.Debug|Any CPU.ActiveCfg = Debug|Any CPU
		{EA417374-1563-4BC2-B1EE-9E3A515BA036}.Debug|Any CPU.Build.0 = Debug|Any CPU
		{EA417374-1563-4BC2-B1EE-9E3A515BA036}.Release|Any CPU.ActiveCfg = Release|Any CPU
		{EA417374-1563-4BC2-B1EE-9E3A515BA036}.Release|Any CPU.Build.0 = Release|Any CPU
		{23E4CE43-CA43-40E7-BC67-50DBD5EA0EBA}.Debug|Any CPU.ActiveCfg = Debug|Any CPU
		{23E4CE43-CA43-40E7-BC67-50DBD5EA0EBA}.Debug|Any CPU.Build.0 = Debug|Any CPU
		{23E4CE43-CA43-40E7-BC67-50DBD5EA0EBA}.Release|Any CPU.ActiveCfg = Release|Any CPU
		{23E4CE43-CA43-40E7-BC67-50DBD5EA0EBA}.Release|Any CPU.Build.0 = Release|Any CPU
	EndGlobalSection
	GlobalSection(SolutionProperties) = preSolution
		HideSolutionNode = FALSE
	EndGlobalSection
EndGlobal
